// !$*UTF8*$!
{
	archiveVersion = 1;
	classes = {
	};
	objectVersion = 46;
	objects = {

/* Begin PBXBuildFile section */
		8364B1261F20CF9500E4A92F /* AppDelegate.swift in Sources */ = {isa = PBXBuildFile; fileRef = 8364B1251F20CF9500E4A92F /* AppDelegate.swift */; };
		8364B1281F20CF9500E4A92F /* MainViewController.swift in Sources */ = {isa = PBXBuildFile; fileRef = 8364B1271F20CF9500E4A92F /* MainViewController.swift */; };
		8364B12D1F20CF9500E4A92F /* Assets.xcassets in Resources */ = {isa = PBXBuildFile; fileRef = 8364B12C1F20CF9500E4A92F /* Assets.xcassets */; };
		8364B1301F20CF9500E4A92F /* LaunchScreen.storyboard in Resources */ = {isa = PBXBuildFile; fileRef = 8364B12E1F20CF9500E4A92F /* LaunchScreen.storyboard */; };
		8364B1381F2211BF00E4A92F /* Podfile in Resources */ = {isa = PBXBuildFile; fileRef = 8364B1371F2211BF00E4A92F /* Podfile */; };
		8364B13A1F224F1400E4A92F /* LocationServices.swift in Sources */ = {isa = PBXBuildFile; fileRef = 8364B1391F224F1300E4A92F /* LocationServices.swift */; };
		8364B13C1F238D6F00E4A92F /* DailyForecastTableViewController.swift in Sources */ = {isa = PBXBuildFile; fileRef = 8364B13B1F238D6E00E4A92F /* DailyForecastTableViewController.swift */; };
		837A5D0D1F55D0BC0048A2F8 /* WhatToWear.xcdatamodeld in Sources */ = {isa = PBXBuildFile; fileRef = 837A5D0B1F55D0BC0048A2F8 /* WhatToWear.xcdatamodeld */; };
		837A5D0F1F56DD050048A2F8 /* CityCell.swift in Sources */ = {isa = PBXBuildFile; fileRef = 837A5D0E1F56DD050048A2F8 /* CityCell.swift */; };
		837AC1F11F58144C003741FB /* art.scnassets in Resources */ = {isa = PBXBuildFile; fileRef = 837AC1F01F58144C003741FB /* art.scnassets */; };
		837AC1F31F58144E003741FB /* Character.swift in Sources */ = {isa = PBXBuildFile; fileRef = 837AC1F21F58144E003741FB /* Character.swift */; };
		837AC1F91F5827BE003741FB /* CurrentLocationCell.swift in Sources */ = {isa = PBXBuildFile; fileRef = 837AC1F81F5827BE003741FB /* CurrentLocationCell.swift */; };
		837AC1FB1F58B807003741FB /* Main.storyboard in Resources */ = {isa = PBXBuildFile; fileRef = 837AC1FA1F58B807003741FB /* Main.storyboard */; };
		8399BA3E1F247E8100E216FE /* ClientServices.swift in Sources */ = {isa = PBXBuildFile; fileRef = 8399BA3D1F247E8100E216FE /* ClientServices.swift */; };
		8399BA441F24847D00E216FE /* Extensions.swift in Sources */ = {isa = PBXBuildFile; fileRef = 8399BA431F24847D00E216FE /* Extensions.swift */; };
		83B83B691F4DE9230098EE4D /* Location.swift in Sources */ = {isa = PBXBuildFile; fileRef = 83B83B681F4DE9230098EE4D /* Location.swift */; };
		83B83B6B1F4DE9550098EE4D /* Location+CoreDataProperties.swift in Sources */ = {isa = PBXBuildFile; fileRef = 83B83B6A1F4DE9550098EE4D /* Location+CoreDataProperties.swift */; };
		83BF4EC01F49F38100839266 /* CompasPoint.swift in Sources */ = {isa = PBXBuildFile; fileRef = 83BF4EBF1F49F38100839266 /* CompasPoint.swift */; };
		83BF4EC81F4A18CF00839266 /* SettingsViewController.swift in Sources */ = {isa = PBXBuildFile; fileRef = 83BF4EC71F4A18CF00839266 /* SettingsViewController.swift */; };
		83BF4ECA1F4B207E00839266 /* Settings.swift in Sources */ = {isa = PBXBuildFile; fileRef = 83BF4EC91F4B207E00839266 /* Settings.swift */; };
		83BF4ECC1F4B342100839266 /* Measurements.swift in Sources */ = {isa = PBXBuildFile; fileRef = 83BF4ECB1F4B342100839266 /* Measurements.swift */; };
		83BF4ED31F4C4B9200839266 /* SearchViewController.swift in Sources */ = {isa = PBXBuildFile; fileRef = 83BF4ED21F4C4B9200839266 /* SearchViewController.swift */; };
		83BF4ED71F4C63F200839266 /* Tutorial.storyboard in Resources */ = {isa = PBXBuildFile; fileRef = 83BF4ED51F4C63F200839266 /* Tutorial.storyboard */; };
		83BF4EFD1F4C875D00839266 /* CoreDataManager.swift in Sources */ = {isa = PBXBuildFile; fileRef = 83BF4EFC1F4C875D00839266 /* CoreDataManager.swift */; };
		83BF4F031F4C93FF00839266 /* PlacesViewController.swift in Sources */ = {isa = PBXBuildFile; fileRef = 83BF4F021F4C93FF00839266 /* PlacesViewController.swift */; };
		83C312481F24BF58004A6A50 /* DayForecastCell.swift in Sources */ = {isa = PBXBuildFile; fileRef = 83C312471F24BF58004A6A50 /* DayForecastCell.swift */; };
		83C3124A1F25B051004A6A50 /* HourlyForecastScrollView.swift in Sources */ = {isa = PBXBuildFile; fileRef = 83C312491F25B051004A6A50 /* HourlyForecastScrollView.swift */; };
		83C3124C1F25B1DE004A6A50 /* WeatherBlock.swift in Sources */ = {isa = PBXBuildFile; fileRef = 83C3124B1F25B1DE004A6A50 /* WeatherBlock.swift */; };
		F54A67534D72EB256043AAE2 /* Pods_WhatToWear.framework in Frameworks */ = {isa = PBXBuildFile; fileRef = BD3476B38AB53E73F138C290 /* Pods_WhatToWear.framework */; };
/* End PBXBuildFile section */

/* Begin PBXFileReference section */
		0D450AEF97FB63A4D17F7BCE /* Pods-WhatToWear.debug.xcconfig */ = {isa = PBXFileReference; includeInIndex = 1; lastKnownFileType = text.xcconfig; name = "Pods-WhatToWear.debug.xcconfig"; path = "Pods/Target Support Files/Pods-WhatToWear/Pods-WhatToWear.debug.xcconfig"; sourceTree = "<group>"; };
		8364B1221F20CF9500E4A92F /* WhatToWear.app */ = {isa = PBXFileReference; explicitFileType = wrapper.application; includeInIndex = 0; path = WhatToWear.app; sourceTree = BUILT_PRODUCTS_DIR; };
		8364B1251F20CF9500E4A92F /* AppDelegate.swift */ = {isa = PBXFileReference; lastKnownFileType = sourcecode.swift; path = AppDelegate.swift; sourceTree = "<group>"; };
		8364B1271F20CF9500E4A92F /* MainViewController.swift */ = {isa = PBXFileReference; lastKnownFileType = sourcecode.swift; path = MainViewController.swift; sourceTree = "<group>"; };
		8364B12C1F20CF9500E4A92F /* Assets.xcassets */ = {isa = PBXFileReference; lastKnownFileType = folder.assetcatalog; path = Assets.xcassets; sourceTree = "<group>"; };
		8364B12F1F20CF9500E4A92F /* Base */ = {isa = PBXFileReference; lastKnownFileType = file.storyboard; name = Base; path = Base.lproj/LaunchScreen.storyboard; sourceTree = "<group>"; };
		8364B1311F20CF9500E4A92F /* Info.plist */ = {isa = PBXFileReference; lastKnownFileType = text.plist.xml; path = Info.plist; sourceTree = "<group>"; };
		8364B1371F2211BF00E4A92F /* Podfile */ = {isa = PBXFileReference; fileEncoding = 4; lastKnownFileType = text; path = Podfile; sourceTree = SOURCE_ROOT; xcLanguageSpecificationIdentifier = xcode.lang.ruby; };
		8364B1391F224F1300E4A92F /* LocationServices.swift */ = {isa = PBXFileReference; fileEncoding = 4; lastKnownFileType = sourcecode.swift; path = LocationServices.swift; sourceTree = "<group>"; };
		8364B13B1F238D6E00E4A92F /* DailyForecastTableViewController.swift */ = {isa = PBXFileReference; fileEncoding = 4; lastKnownFileType = sourcecode.swift; path = DailyForecastTableViewController.swift; sourceTree = "<group>"; };
		837A5D0C1F55D0BC0048A2F8 /* WhatToWear.xcdatamodel */ = {isa = PBXFileReference; lastKnownFileType = wrapper.xcdatamodel; path = WhatToWear.xcdatamodel; sourceTree = "<group>"; };
		837A5D0E1F56DD050048A2F8 /* CityCell.swift */ = {isa = PBXFileReference; fileEncoding = 4; lastKnownFileType = sourcecode.swift; path = CityCell.swift; sourceTree = "<group>"; };
		837AC1F01F58144C003741FB /* art.scnassets */ = {isa = PBXFileReference; lastKnownFileType = wrapper.scnassets; path = art.scnassets; sourceTree = "<group>"; };
		837AC1F21F58144E003741FB /* Character.swift */ = {isa = PBXFileReference; fileEncoding = 4; lastKnownFileType = sourcecode.swift; path = Character.swift; sourceTree = "<group>"; };
		837AC1F81F5827BE003741FB /* CurrentLocationCell.swift */ = {isa = PBXFileReference; fileEncoding = 4; lastKnownFileType = sourcecode.swift; path = CurrentLocationCell.swift; sourceTree = "<group>"; };
		837AC1FA1F58B807003741FB /* Main.storyboard */ = {isa = PBXFileReference; fileEncoding = 4; lastKnownFileType = file.storyboard; name = Main.storyboard; path = ../../../.Trash/Main.storyboard; sourceTree = "<group>"; };
		8399BA3D1F247E8100E216FE /* ClientServices.swift */ = {isa = PBXFileReference; fileEncoding = 4; lastKnownFileType = sourcecode.swift; path = ClientServices.swift; sourceTree = "<group>"; };
		8399BA431F24847D00E216FE /* Extensions.swift */ = {isa = PBXFileReference; fileEncoding = 4; lastKnownFileType = sourcecode.swift; path = Extensions.swift; sourceTree = "<group>"; };
		83B83B681F4DE9230098EE4D /* Location.swift */ = {isa = PBXFileReference; fileEncoding = 4; lastKnownFileType = sourcecode.swift; path = Location.swift; sourceTree = "<group>"; };
		83B83B6A1F4DE9550098EE4D /* Location+CoreDataProperties.swift */ = {isa = PBXFileReference; fileEncoding = 4; lastKnownFileType = sourcecode.swift; path = "Location+CoreDataProperties.swift"; sourceTree = "<group>"; };
		83BF4EBF1F49F38100839266 /* CompasPoint.swift */ = {isa = PBXFileReference; fileEncoding = 4; lastKnownFileType = sourcecode.swift; path = CompasPoint.swift; sourceTree = "<group>"; };
		83BF4EC71F4A18CF00839266 /* SettingsViewController.swift */ = {isa = PBXFileReference; fileEncoding = 4; lastKnownFileType = sourcecode.swift; path = SettingsViewController.swift; sourceTree = "<group>"; };
		83BF4EC91F4B207E00839266 /* Settings.swift */ = {isa = PBXFileReference; fileEncoding = 4; lastKnownFileType = sourcecode.swift; path = Settings.swift; sourceTree = "<group>"; };
		83BF4ECB1F4B342100839266 /* Measurements.swift */ = {isa = PBXFileReference; fileEncoding = 4; lastKnownFileType = sourcecode.swift; path = Measurements.swift; sourceTree = "<group>"; };
		83BF4ED21F4C4B9200839266 /* SearchViewController.swift */ = {isa = PBXFileReference; fileEncoding = 4; lastKnownFileType = sourcecode.swift; path = SearchViewController.swift; sourceTree = "<group>"; };
		83BF4ED61F4C63F200839266 /* Base */ = {isa = PBXFileReference; lastKnownFileType = file.storyboard; name = Base; path = Base.lproj/Tutorial.storyboard; sourceTree = "<group>"; };
		83BF4EFC1F4C875D00839266 /* CoreDataManager.swift */ = {isa = PBXFileReference; fileEncoding = 4; lastKnownFileType = sourcecode.swift; path = CoreDataManager.swift; sourceTree = "<group>"; };
		83BF4F021F4C93FF00839266 /* PlacesViewController.swift */ = {isa = PBXFileReference; fileEncoding = 4; lastKnownFileType = sourcecode.swift; path = PlacesViewController.swift; sourceTree = "<group>"; };
		83C312471F24BF58004A6A50 /* DayForecastCell.swift */ = {isa = PBXFileReference; fileEncoding = 4; lastKnownFileType = sourcecode.swift; path = DayForecastCell.swift; sourceTree = "<group>"; };
		83C312491F25B051004A6A50 /* HourlyForecastScrollView.swift */ = {isa = PBXFileReference; fileEncoding = 4; lastKnownFileType = sourcecode.swift; path = HourlyForecastScrollView.swift; sourceTree = "<group>"; };
		83C3124B1F25B1DE004A6A50 /* WeatherBlock.swift */ = {isa = PBXFileReference; fileEncoding = 4; lastKnownFileType = sourcecode.swift; path = WeatherBlock.swift; sourceTree = "<group>"; };
		BD3476B38AB53E73F138C290 /* Pods_WhatToWear.framework */ = {isa = PBXFileReference; explicitFileType = wrapper.framework; includeInIndex = 0; path = Pods_WhatToWear.framework; sourceTree = BUILT_PRODUCTS_DIR; };
		EF1D244C5F584F1CBBB30D64 /* Pods-WhatToWear.release.xcconfig */ = {isa = PBXFileReference; includeInIndex = 1; lastKnownFileType = text.xcconfig; name = "Pods-WhatToWear.release.xcconfig"; path = "Pods/Target Support Files/Pods-WhatToWear/Pods-WhatToWear.release.xcconfig"; sourceTree = "<group>"; };
/* End PBXFileReference section */

/* Begin PBXFrameworksBuildPhase section */
		8364B11F1F20CF9500E4A92F /* Frameworks */ = {
			isa = PBXFrameworksBuildPhase;
			buildActionMask = 2147483647;
			files = (
				F54A67534D72EB256043AAE2 /* Pods_WhatToWear.framework in Frameworks */,
			);
			runOnlyForDeploymentPostprocessing = 0;
		};
/* End PBXFrameworksBuildPhase section */

/* Begin PBXGroup section */
		000B12EC5125F6BFD21C4494 /* Frameworks */ = {
			isa = PBXGroup;
			children = (
				BD3476B38AB53E73F138C290 /* Pods_WhatToWear.framework */,
			);
			name = Frameworks;
			sourceTree = "<group>";
		};
		8364B1191F20CF9500E4A92F = {
			isa = PBXGroup;
			children = (
				8364B1241F20CF9500E4A92F /* WhatToWear */,
				8364B1231F20CF9500E4A92F /* Products */,
				E367D25A9072F0F8548DCB92 /* Pods */,
				000B12EC5125F6BFD21C4494 /* Frameworks */,
			);
			sourceTree = "<group>";
		};
		8364B1231F20CF9500E4A92F /* Products */ = {
			isa = PBXGroup;
			children = (
				8364B1221F20CF9500E4A92F /* WhatToWear.app */,
			);
			name = Products;
			sourceTree = "<group>";
		};
		8364B1241F20CF9500E4A92F /* WhatToWear */ = {
			isa = PBXGroup;
			children = (
				8364B1251F20CF9500E4A92F /* AppDelegate.swift */,
				8399BA431F24847D00E216FE /* Extensions.swift */,
				83BF4ED11F4B6D5400839266 /* Controllers */,
				83BF4ED01F4B6D3200839266 /* Services */,
				83BF4ED41F4C52B200839266 /* Model */,
				836970281F266F3200036D6E /* View */,
				837AC1FA1F58B807003741FB /* Main.storyboard */,
				83BF4ED51F4C63F200839266 /* Tutorial.storyboard */,
				8364B12E1F20CF9500E4A92F /* LaunchScreen.storyboard */,
				837A5D0B1F55D0BC0048A2F8 /* WhatToWear.xcdatamodeld */,
				8364B12C1F20CF9500E4A92F /* Assets.xcassets */,
				837AC1F01F58144C003741FB /* art.scnassets */,
				8364B1311F20CF9500E4A92F /* Info.plist */,
				8364B1371F2211BF00E4A92F /* Podfile */,
			);
			path = WhatToWear;
			sourceTree = "<group>";
		};
		836970281F266F3200036D6E /* View */ = {
			isa = PBXGroup;
			children = (
				83C312491F25B051004A6A50 /* HourlyForecastScrollView.swift */,
				837AC1F81F5827BE003741FB /* CurrentLocationCell.swift */,
				83C312471F24BF58004A6A50 /* DayForecastCell.swift */,
				837A5D0E1F56DD050048A2F8 /* CityCell.swift */,
			);
			name = View;
			sourceTree = "<group>";
		};
		83BF4ED01F4B6D3200839266 /* Services */ = {
			isa = PBXGroup;
			children = (
				83BF4EFC1F4C875D00839266 /* CoreDataManager.swift */,
				8399BA3D1F247E8100E216FE /* ClientServices.swift */,
				8364B1391F224F1300E4A92F /* LocationServices.swift */,
				83BF4EC91F4B207E00839266 /* Settings.swift */,
			);
			name = Services;
			sourceTree = "<group>";
		};
		83BF4ED11F4B6D5400839266 /* Controllers */ = {
			isa = PBXGroup;
			children = (
				8364B1271F20CF9500E4A92F /* MainViewController.swift */,
				8364B13B1F238D6E00E4A92F /* DailyForecastTableViewController.swift */,
				83BF4EC71F4A18CF00839266 /* SettingsViewController.swift */,
				83BF4ED21F4C4B9200839266 /* SearchViewController.swift */,
				83BF4F021F4C93FF00839266 /* PlacesViewController.swift */,
			);
			name = Controllers;
			sourceTree = "<group>";
		};
		83BF4ED41F4C52B200839266 /* Model */ = {
			isa = PBXGroup;
			children = (
				837AC1F21F58144E003741FB /* Character.swift */,
				83B83B681F4DE9230098EE4D /* Location.swift */,
				83B83B6A1F4DE9550098EE4D /* Location+CoreDataProperties.swift */,
				83BF4ECB1F4B342100839266 /* Measurements.swift */,
				83BF4EBF1F49F38100839266 /* CompasPoint.swift */,
				83C3124B1F25B1DE004A6A50 /* WeatherBlock.swift */,
			);
			name = Model;
			sourceTree = "<group>";
		};
		E367D25A9072F0F8548DCB92 /* Pods */ = {
			isa = PBXGroup;
			children = (
				0D450AEF97FB63A4D17F7BCE /* Pods-WhatToWear.debug.xcconfig */,
				EF1D244C5F584F1CBBB30D64 /* Pods-WhatToWear.release.xcconfig */,
			);
			name = Pods;
			sourceTree = "<group>";
		};
/* End PBXGroup section */

/* Begin PBXNativeTarget section */
		8364B1211F20CF9500E4A92F /* WhatToWear */ = {
			isa = PBXNativeTarget;
			buildConfigurationList = 8364B1341F20CF9500E4A92F /* Build configuration list for PBXNativeTarget "WhatToWear" */;
			buildPhases = (
				644EA77EFD9F80D18FE9130F /* [CP] Check Pods Manifest.lock */,
				8364B11E1F20CF9500E4A92F /* Sources */,
				8364B11F1F20CF9500E4A92F /* Frameworks */,
				8364B1201F20CF9500E4A92F /* Resources */,
				7640EEB883EBD5AFAA8F6D1B /* [CP] Embed Pods Frameworks */,
				B299212A2102C1C90904077F /* [CP] Copy Pods Resources */,
			);
			buildRules = (
			);
			dependencies = (
			);
			name = WhatToWear;
			productName = WhatToWear;
			productReference = 8364B1221F20CF9500E4A92F /* WhatToWear.app */;
			productType = "com.apple.product-type.application";
		};
/* End PBXNativeTarget section */

/* Begin PBXProject section */
		8364B11A1F20CF9500E4A92F /* Project object */ = {
			isa = PBXProject;
			attributes = {
				LastSwiftUpdateCheck = 0830;
				LastUpgradeCheck = 0830;
				ORGANIZATIONNAME = "Vladislav Andreev";
				TargetAttributes = {
					8364B1211F20CF9500E4A92F = {
						CreatedOnToolsVersion = 8.3.3;
						DevelopmentTeam = EN6TGHYNHK;
						ProvisioningStyle = Automatic;
					};
				};
			};
			buildConfigurationList = 8364B11D1F20CF9500E4A92F /* Build configuration list for PBXProject "WhatToWear" */;
			compatibilityVersion = "Xcode 3.2";
			developmentRegion = English;
			hasScannedForEncodings = 0;
			knownRegions = (
				en,
				Base,
			);
			mainGroup = 8364B1191F20CF9500E4A92F;
			productRefGroup = 8364B1231F20CF9500E4A92F /* Products */;
			projectDirPath = "";
			projectRoot = "";
			targets = (
				8364B1211F20CF9500E4A92F /* WhatToWear */,
			);
		};
/* End PBXProject section */

/* Begin PBXResourcesBuildPhase section */
		8364B1201F20CF9500E4A92F /* Resources */ = {
			isa = PBXResourcesBuildPhase;
			buildActionMask = 2147483647;
			files = (
				83BF4ED71F4C63F200839266 /* Tutorial.storyboard in Resources */,
				837AC1F11F58144C003741FB /* art.scnassets in Resources */,
				8364B1301F20CF9500E4A92F /* LaunchScreen.storyboard in Resources */,
				837AC1FB1F58B807003741FB /* Main.storyboard in Resources */,
				8364B12D1F20CF9500E4A92F /* Assets.xcassets in Resources */,
				8364B1381F2211BF00E4A92F /* Podfile in Resources */,
			);
			runOnlyForDeploymentPostprocessing = 0;
		};
/* End PBXResourcesBuildPhase section */

/* Begin PBXShellScriptBuildPhase section */
		644EA77EFD9F80D18FE9130F /* [CP] Check Pods Manifest.lock */ = {
			isa = PBXShellScriptBuildPhase;
			buildActionMask = 2147483647;
			files = (
			);
			inputPaths = (
			);
			name = "[CP] Check Pods Manifest.lock";
			outputPaths = (
			);
			runOnlyForDeploymentPostprocessing = 0;
			shellPath = /bin/sh;
			shellScript = "diff \"${PODS_ROOT}/../Podfile.lock\" \"${PODS_ROOT}/Manifest.lock\" > /dev/null\nif [ $? != 0 ] ; then\n    # print error to STDERR\n    echo \"error: The sandbox is not in sync with the Podfile.lock. Run 'pod install' or update your CocoaPods installation.\" >&2\n    exit 1\nfi\n";
			showEnvVarsInLog = 0;
		};
		7640EEB883EBD5AFAA8F6D1B /* [CP] Embed Pods Frameworks */ = {
			isa = PBXShellScriptBuildPhase;
			buildActionMask = 2147483647;
			files = (
			);
			inputPaths = (
			);
			name = "[CP] Embed Pods Frameworks";
			outputPaths = (
			);
			runOnlyForDeploymentPostprocessing = 0;
			shellPath = /bin/sh;
			shellScript = "\"${SRCROOT}/Pods/Target Support Files/Pods-WhatToWear/Pods-WhatToWear-frameworks.sh\"\n";
			showEnvVarsInLog = 0;
		};
		B299212A2102C1C90904077F /* [CP] Copy Pods Resources */ = {
			isa = PBXShellScriptBuildPhase;
			buildActionMask = 2147483647;
			files = (
			);
			inputPaths = (
			);
			name = "[CP] Copy Pods Resources";
			outputPaths = (
			);
			runOnlyForDeploymentPostprocessing = 0;
			shellPath = /bin/sh;
			shellScript = "\"${SRCROOT}/Pods/Target Support Files/Pods-WhatToWear/Pods-WhatToWear-resources.sh\"\n";
			showEnvVarsInLog = 0;
		};
/* End PBXShellScriptBuildPhase section */

/* Begin PBXSourcesBuildPhase section */
		8364B11E1F20CF9500E4A92F /* Sources */ = {
			isa = PBXSourcesBuildPhase;
			buildActionMask = 2147483647;
			files = (
				8364B1281F20CF9500E4A92F /* MainViewController.swift in Sources */,
				83BF4ECA1F4B207E00839266 /* Settings.swift in Sources */,
				837A5D0F1F56DD050048A2F8 /* CityCell.swift in Sources */,
				8399BA441F24847D00E216FE /* Extensions.swift in Sources */,
				83C3124C1F25B1DE004A6A50 /* WeatherBlock.swift in Sources */,
				837AC1F91F5827BE003741FB /* CurrentLocationCell.swift in Sources */,
				83B83B691F4DE9230098EE4D /* Location.swift in Sources */,
				8364B13A1F224F1400E4A92F /* LocationServices.swift in Sources */,
				8364B13C1F238D6F00E4A92F /* DailyForecastTableViewController.swift in Sources */,
				8399BA3E1F247E8100E216FE /* ClientServices.swift in Sources */,
				837AC1F31F58144E003741FB /* Character.swift in Sources */,
				83BF4ECC1F4B342100839266 /* Measurements.swift in Sources */,
				83BF4ED31F4C4B9200839266 /* SearchViewController.swift in Sources */,
				83B83B6B1F4DE9550098EE4D /* Location+CoreDataProperties.swift in Sources */,
				8364B1261F20CF9500E4A92F /* AppDelegate.swift in Sources */,
				83C312481F24BF58004A6A50 /* DayForecastCell.swift in Sources */,
				837A5D0D1F55D0BC0048A2F8 /* WhatToWear.xcdatamodeld in Sources */,
				83BF4EC81F4A18CF00839266 /* SettingsViewController.swift in Sources */,
				83BF4F031F4C93FF00839266 /* PlacesViewController.swift in Sources */,
				83BF4EC01F49F38100839266 /* CompasPoint.swift in Sources */,
				83BF4EFD1F4C875D00839266 /* CoreDataManager.swift in Sources */,
				83C3124A1F25B051004A6A50 /* HourlyForecastScrollView.swift in Sources */,
			);
			runOnlyForDeploymentPostprocessing = 0;
		};
/* End PBXSourcesBuildPhase section */

/* Begin PBXVariantGroup section */
		8364B12E1F20CF9500E4A92F /* LaunchScreen.storyboard */ = {
			isa = PBXVariantGroup;
			children = (
				8364B12F1F20CF9500E4A92F /* Base */,
			);
			name = LaunchScreen.storyboard;
			sourceTree = "<group>";
		};
		83BF4ED51F4C63F200839266 /* Tutorial.storyboard */ = {
			isa = PBXVariantGroup;
			children = (
				83BF4ED61F4C63F200839266 /* Base */,
			);
			name = Tutorial.storyboard;
			sourceTree = "<group>";
		};
/* End PBXVariantGroup section */

/* Begin XCBuildConfiguration section */
		8364B1321F20CF9500E4A92F /* Debug */ = {
			isa = XCBuildConfiguration;
			buildSettings = {
				ALWAYS_SEARCH_USER_PATHS = NO;
				CLANG_ANALYZER_NONNULL = YES;
				CLANG_ANALYZER_NUMBER_OBJECT_CONVERSION = YES_AGGRESSIVE;
				CLANG_CXX_LANGUAGE_STANDARD = "gnu++0x";
				CLANG_CXX_LIBRARY = "libc++";
				CLANG_ENABLE_MODULES = YES;
				CLANG_ENABLE_OBJC_ARC = YES;
				CLANG_WARN_BOOL_CONVERSION = YES;
				CLANG_WARN_CONSTANT_CONVERSION = YES;
				CLANG_WARN_DIRECT_OBJC_ISA_USAGE = YES_ERROR;
				CLANG_WARN_DOCUMENTATION_COMMENTS = YES;
				CLANG_WARN_EMPTY_BODY = YES;
				CLANG_WARN_ENUM_CONVERSION = YES;
				CLANG_WARN_INFINITE_RECURSION = YES;
				CLANG_WARN_INT_CONVERSION = YES;
				CLANG_WARN_OBJC_ROOT_CLASS = YES_ERROR;
				CLANG_WARN_SUSPICIOUS_MOVE = YES;
				CLANG_WARN_UNREACHABLE_CODE = YES;
				CLANG_WARN__DUPLICATE_METHOD_MATCH = YES;
				"CODE_SIGN_IDENTITY[sdk=iphoneos*]" = "iPhone Developer";
				COPY_PHASE_STRIP = NO;
				DEBUG_INFORMATION_FORMAT = dwarf;
				ENABLE_STRICT_OBJC_MSGSEND = YES;
				ENABLE_TESTABILITY = YES;
				GCC_C_LANGUAGE_STANDARD = gnu99;
				GCC_DYNAMIC_NO_PIC = NO;
				GCC_NO_COMMON_BLOCKS = YES;
				GCC_OPTIMIZATION_LEVEL = 0;
				GCC_PREPROCESSOR_DEFINITIONS = (
					"DEBUG=1",
					"$(inherited)",
				);
				GCC_WARN_64_TO_32_BIT_CONVERSION = YES;
				GCC_WARN_ABOUT_RETURN_TYPE = YES_ERROR;
				GCC_WARN_UNDECLARED_SELECTOR = YES;
				GCC_WARN_UNINITIALIZED_AUTOS = YES_AGGRESSIVE;
				GCC_WARN_UNUSED_FUNCTION = YES;
				GCC_WARN_UNUSED_VARIABLE = YES;
				IPHONEOS_DEPLOYMENT_TARGET = 10.3;
				MTL_ENABLE_DEBUG_INFO = YES;
				ONLY_ACTIVE_ARCH = YES;
				SDKROOT = iphoneos;
				SWIFT_ACTIVE_COMPILATION_CONDITIONS = DEBUG;
				SWIFT_OPTIMIZATION_LEVEL = "-Onone";
			};
			name = Debug;
		};
		8364B1331F20CF9500E4A92F /* Release */ = {
			isa = XCBuildConfiguration;
			buildSettings = {
				ALWAYS_SEARCH_USER_PATHS = NO;
				CLANG_ANALYZER_NONNULL = YES;
				CLANG_ANALYZER_NUMBER_OBJECT_CONVERSION = YES_AGGRESSIVE;
				CLANG_CXX_LANGUAGE_STANDARD = "gnu++0x";
				CLANG_CXX_LIBRARY = "libc++";
				CLANG_ENABLE_MODULES = YES;
				CLANG_ENABLE_OBJC_ARC = YES;
				CLANG_WARN_BOOL_CONVERSION = YES;
				CLANG_WARN_CONSTANT_CONVERSION = YES;
				CLANG_WARN_DIRECT_OBJC_ISA_USAGE = YES_ERROR;
				CLANG_WARN_DOCUMENTATION_COMMENTS = YES;
				CLANG_WARN_EMPTY_BODY = YES;
				CLANG_WARN_ENUM_CONVERSION = YES;
				CLANG_WARN_INFINITE_RECURSION = YES;
				CLANG_WARN_INT_CONVERSION = YES;
				CLANG_WARN_OBJC_ROOT_CLASS = YES_ERROR;
				CLANG_WARN_SUSPICIOUS_MOVE = YES;
				CLANG_WARN_UNREACHABLE_CODE = YES;
				CLANG_WARN__DUPLICATE_METHOD_MATCH = YES;
				"CODE_SIGN_IDENTITY[sdk=iphoneos*]" = "iPhone Developer";
				COPY_PHASE_STRIP = NO;
				DEBUG_INFORMATION_FORMAT = "dwarf-with-dsym";
				ENABLE_NS_ASSERTIONS = NO;
				ENABLE_STRICT_OBJC_MSGSEND = YES;
				GCC_C_LANGUAGE_STANDARD = gnu99;
				GCC_NO_COMMON_BLOCKS = YES;
				GCC_WARN_64_TO_32_BIT_CONVERSION = YES;
				GCC_WARN_ABOUT_RETURN_TYPE = YES_ERROR;
				GCC_WARN_UNDECLARED_SELECTOR = YES;
				GCC_WARN_UNINITIALIZED_AUTOS = YES_AGGRESSIVE;
				GCC_WARN_UNUSED_FUNCTION = YES;
				GCC_WARN_UNUSED_VARIABLE = YES;
				IPHONEOS_DEPLOYMENT_TARGET = 10.3;
				MTL_ENABLE_DEBUG_INFO = NO;
				SDKROOT = iphoneos;
				SWIFT_OPTIMIZATION_LEVEL = "-Owholemodule";
				VALIDATE_PRODUCT = YES;
			};
			name = Release;
		};
		8364B1351F20CF9500E4A92F /* Debug */ = {
			isa = XCBuildConfiguration;
			baseConfigurationReference = 0D450AEF97FB63A4D17F7BCE /* Pods-WhatToWear.debug.xcconfig */;
			buildSettings = {
				ASSETCATALOG_COMPILER_APPICON_NAME = AppIcon;
				DEVELOPMENT_TEAM = EN6TGHYNHK;
				INFOPLIST_FILE = WhatToWear/Info.plist;
				LD_RUNPATH_SEARCH_PATHS = "$(inherited) @executable_path/Frameworks";
				PRODUCT_BUNDLE_IDENTIFIER = VA.WhatToWear;
				PRODUCT_NAME = "$(TARGET_NAME)";
				SWIFT_VERSION = 3.0;
			};
			name = Debug;
		};
		8364B1361F20CF9500E4A92F /* Release */ = {
			isa = XCBuildConfiguration;
			baseConfigurationReference = EF1D244C5F584F1CBBB30D64 /* Pods-WhatToWear.release.xcconfig */;
			buildSettings = {
				ASSETCATALOG_COMPILER_APPICON_NAME = AppIcon;
				DEVELOPMENT_TEAM = EN6TGHYNHK;
				INFOPLIST_FILE = WhatToWear/Info.plist;
				LD_RUNPATH_SEARCH_PATHS = "$(inherited) @executable_path/Frameworks";
				PRODUCT_BUNDLE_IDENTIFIER = VA.WhatToWear;
				PRODUCT_NAME = "$(TARGET_NAME)";
				SWIFT_VERSION = 3.0;
			};
			name = Release;
		};
/* End XCBuildConfiguration section */

/* Begin XCConfigurationList section */
		8364B11D1F20CF9500E4A92F /* Build configuration list for PBXProject "WhatToWear" */ = {
			isa = XCConfigurationList;
			buildConfigurations = (
				8364B1321F20CF9500E4A92F /* Debug */,
				8364B1331F20CF9500E4A92F /* Release */,
			);
			defaultConfigurationIsVisible = 0;
			defaultConfigurationName = Release;
		};
		8364B1341F20CF9500E4A92F /* Build configuration list for PBXNativeTarget "WhatToWear" */ = {
			isa = XCConfigurationList;
			buildConfigurations = (
				8364B1351F20CF9500E4A92F /* Debug */,
				8364B1361F20CF9500E4A92F /* Release */,
			);
			defaultConfigurationIsVisible = 0;
			defaultConfigurationName = Release;
		};
/* End XCConfigurationList section */

/* Begin XCVersionGroup section */
		837A5D0B1F55D0BC0048A2F8 /* WhatToWear.xcdatamodeld */ = {
			isa = XCVersionGroup;
			children = (
				837A5D0C1F55D0BC0048A2F8 /* WhatToWear.xcdatamodel */,
			);
			currentVersion = 837A5D0C1F55D0BC0048A2F8 /* WhatToWear.xcdatamodel */;
			path = WhatToWear.xcdatamodeld;
			sourceTree = "<group>";
			versionGroupType = wrapper.xcdatamodel;
		};
/* End XCVersionGroup section */
	};
	rootObject = 8364B11A1F20CF9500E4A92F /* Project object */;
}
